
Microsoft Visual Studio Solution File, Format Version 12.00
# Visual Studio 15
VisualStudioVersion = 15.0.26124.0
MinimumVisualStudioVersion = 15.0.26124.0
Project("{FAE04EC0-301F-11D3-BF4B-00C04F79EFBC}") = "MyService", "MyService\MyService.csproj", "{9E321641-00E9-4EBD-B253-0240B7659646}"
EndProject
Project("{FAE04EC0-301F-11D3-BF4B-00C04F79EFBC}") = "MyService.xTests", "MyService.xTests\MyService.xTests.csproj", "{9CE4CB59-9C38-4631-AE04-562C20DFD43A}"
EndProject
Global
	GlobalSection(SolutionConfigurationPlatforms) = preSolution
		Debug|Any CPU = Debug|Any CPU
		Debug|x64 = Debug|x64
		Debug|x86 = Debug|x86
		Release|Any CPU = Release|Any CPU
		Release|x64 = Release|x64
		Release|x86 = Release|x86
	EndGlobalSection
	GlobalSection(SolutionProperties) = preSolution
		HideSolutionNode = FALSE
	EndGlobalSection
	GlobalSection(ProjectConfigurationPlatforms) = postSolution
		{9E321641-00E9-4EBD-B253-0240B7659646}.Debug|Any CPU.ActiveCfg = Debug|Any CPU
		{9E321641-00E9-4EBD-B253-0240B7659646}.Debug|Any CPU.Build.0 = Debug|Any CPU
		{9E321641-00E9-4EBD-B253-0240B7659646}.Debug|x64.ActiveCfg = Debug|Any CPU
		{9E321641-00E9-4EBD-B253-0240B7659646}.Debug|x64.Build.0 = Debug|Any CPU
		{9E321641-00E9-4EBD-B253-0240B7659646}.Debug|x86.ActiveCfg = Debug|Any CPU
		{9E321641-00E9-4EBD-B253-0240B7659646}.Debug|x86.Build.0 = Debug|Any CPU
		{9E321641-00E9-4EBD-B253-0240B7659646}.Release|Any CPU.ActiveCfg = Release|Any CPU
		{9E321641-00E9-4EBD-B253-0240B7659646}.Release|Any CPU.Build.0 = Release|Any CPU
		{9E321641-00E9-4EBD-B253-0240B7659646}.Release|x64.ActiveCfg = Release|Any CPU
		{9E321641-00E9-4EBD-B253-0240B7659646}.Release|x64.Build.0 = Release|Any CPU
		{9E321641-00E9-4EBD-B253-0240B7659646}.Release|x86.ActiveCfg = Release|Any CPU
		{9E321641-00E9-4EBD-B253-0240B7659646}.Release|x86.Build.0 = Release|Any CPU
		{9CE4CB59-9C38-4631-AE04-562C20DFD43A}.Debug|Any CPU.ActiveCfg = Debug|Any CPU
		{9CE4CB59-9C38-4631-AE04-562C20DFD43A}.Debug|Any CPU.Build.0 = Debug|Any CPU
		{9CE4CB59-9C38-4631-AE04-562C20DFD43A}.Debug|x64.ActiveCfg = Debug|Any CPU
		{9CE4CB59-9C38-4631-AE04-562C20DFD43A}.Debug|x64.Build.0 = Debug|Any CPU
		{9CE4CB59-9C38-4631-AE04-562C20DFD43A}.Debug|x86.ActiveCfg = Debug|Any CPU
		{9CE4CB59-9C38-4631-AE04-562C20DFD43A}.Debug|x86.Build.0 = Debug|Any CPU
		{9CE4CB59-9C38-4631-AE04-562C20DFD43A}.Release|Any CPU.ActiveCfg = Release|Any CPU
		{9CE4CB59-9C38-4631-AE04-562C20DFD43A}.Release|Any CPU.Build.0 = Release|Any CPU
		{9CE4CB59-9C38-4631-AE04-562C20DFD43A}.Release|x64.ActiveCfg = Release|Any CPU
		{9CE4CB59-9C38-4631-AE04-562C20DFD43A}.Release|x64.Build.0 = Release|Any CPU
		{9CE4CB59-9C38-4631-AE04-562C20DFD43A}.Release|x86.ActiveCfg = Release|Any CPU
		{9CE4CB59-9C38-4631-AE04-562C20DFD43A}.Release|x86.Build.0 = Release|Any CPU
	EndGlobalSection
EndGlobal
